# Generated by Dagger. Pins the images and git refs this workspace uses.
# Any Dagger command may update this file; always commit it with your changes.
# Run `dagger workspace update` to refresh the pinned versions.
[["version","2"]]
["","oci-sha",["docker.io/library/alpine:latest"],"sha256:294b683cb724975bec92580e1e685676bd4b50bda910ddb8c51d4cabeaec77e6"]
["","oci-sha",["docker.io/library/python:3.13-slim"],"sha256:7c61056e61ac89e852de05f3dc6fa51a6dd2181797bceed46aa725dd7cb2cd3b"]
["","oci-sha",["docker.io/library/ubuntu:24.04"],"sha256:008173c23f95b170204355c12626cb5a965d779a7e1283b09e9cffbb1bf33ca3"]